
Microsoft Visual Studio Solution File, Format Version 12.00
# Visual Studio Version 16
VisualStudioVersion = 16.0.30204.135
MinimumVisualStudioVersion = 10.0.40219.1
Project("{FAE04EC0-301F-11D3-BF4B-00C04F79EFBC}") = "CentralDeErros.Api", "CentralDeErros.Api\CentralDeErros.Api.csproj", "{0B26F860-6997-4DDA-97A8-09435C8186B1}"
EndProject
Project("{FAE04EC0-301F-11D3-BF4B-00C04F79EFBC}") = "CentralDeErros.Core", "CentralDeErros.Core\CentralDeErros.Core.csproj", "{355CBBA0-5427-43E4-B973-C5FA05438DF4}"
EndProject
Project("{FAE04EC0-301F-11D3-BF4B-00C04F79EFBC}") = "CentralDeErros.Data", "CentralDeErros.Data\CentralDeErros.Data.csproj", "{105685EE-0C7E-4E28-A9C3-82E99B0EFFA1}"
EndProject
Project("{FAE04EC0-301F-11D3-BF4B-00C04F79EFBC}") = "CentralDeErros.Services", "CentralDeErros.Services\CentralDeErros.Services.csproj", "{09A53526-E2BF-44EC-AA44-7CDDCCEFFDE5}"
EndProject
Global
	GlobalSection(SolutionConfigurationPlatforms) = preSolution
		Debug|Any CPU = Debug|Any CPU
		Release|Any CPU = Release|Any CPU
	EndGlobalSection
	GlobalSection(ProjectConfigurationPlatforms) = postSolution
		{0B26F860-6997-4DDA-97A8-09435C8186B1}.Debug|Any CPU.ActiveCfg = Debug|Any CPU
		{0B26F860-6997-4DDA-97A8-09435C8186B1}.Debug|Any CPU.Build.0 = Debug|Any CPU
		{0B26F860-6997-4DDA-97A8-09435C8186B1}.Release|Any CPU.ActiveCfg = Release|Any CPU
		{0B26F860-6997-4DDA-97A8-09435C8186B1}.Release|Any CPU.Build.0 = Release|Any CPU
		{355CBBA0-5427-43E4-B973-C5FA05438DF4}.Debug|Any CPU.ActiveCfg = Debug|Any CPU
		{355CBBA0-5427-43E4-B973-C5FA05438DF4}.Debug|Any CPU.Build.0 = Debug|Any CPU
		{355CBBA0-5427-43E4-B973-C5FA05438DF4}.Release|Any CPU.ActiveCfg = Release|Any CPU
		{355CBBA0-5427-43E4-B973-C5FA05438DF4}.Release|Any CPU.Build.0 = Release|Any CPU
		{105685EE-0C7E-4E28-A9C3-82E99B0EFFA1}.Debug|Any CPU.ActiveCfg = Debug|Any CPU
		{105685EE-0C7E-4E28-A9C3-82E99B0EFFA1}.Debug|Any CPU.Build.0 = Debug|Any CPU
		{105685EE-0C7E-4E28-A9C3-82E99B0EFFA1}.Release|Any CPU.ActiveCfg = Release|Any CPU
		{105685EE-0C7E-4E28-A9C3-82E99B0EFFA1}.Release|Any CPU.Build.0 = Release|Any CPU
		{09A53526-E2BF-44EC-AA44-7CDDCCEFFDE5}.Debug|Any CPU.ActiveCfg = Debug|Any CPU
		{09A53526-E2BF-44EC-AA44-7CDDCCEFFDE5}.Debug|Any CPU.Build.0 = Debug|Any CPU
		{09A53526-E2BF-44EC-AA44-7CDDCCEFFDE5}.Release|Any CPU.ActiveCfg = Release|Any CPU
		{09A53526-E2BF-44EC-AA44-7CDDCCEFFDE5}.Release|Any CPU.Build.0 = Release|Any CPU
	EndGlobalSection
	GlobalSection(SolutionProperties) = preSolution
		HideSolutionNode = FALSE
	EndGlobalSection
	GlobalSection(ExtensibilityGlobals) = postSolution
		SolutionGuid = {48FD6544-0AD8-4600-A783-31C5E9899ECA}
	EndGlobalSection
EndGlobal
